{
  "name": "flevar",
  "version": "1.0.1",
  "lockfileVersion": 1,
  "requires": true,
  "dependencies": {
    "decomment": {
      "version": "0.9.2",
      "resolved": "https://registry.npmjs.org/decomment/-/decomment-0.9.2.tgz",
      "integrity": "sha512-sblyUmOJZxiL7oJ2ogJS6jtl/67+CTOW87SrYE/96u3PhDYikYoLCdLzcnceToiQejOLlqNnLCkaxx/+nE/ehg==",
      "dev": true,
      "requires": {
        "esprima": "4.0.1"
      }
    },
    "esprima": {
      "version": "4.0.1",
      "resolved": "https://registry.npmjs.org/esprima/-/esprima-4.0.1.tgz",
      "integrity": "sha512-eGuFFw7Upda+g4p+QHvnW0RyTX/SVeJBDM/gCtMARO0cLuT2HcEKnTPvhjV6aGeqrCB/sbNop0Kszm0jsaWU4A==",
      "dev": true
    }
  }
}
